
Microsoft Visual Studio Solution File, Format Version 12.00
# Visual Studio Version 16
VisualStudioVersion = 16.0.30204.135
MinimumVisualStudioVersion = 10.0.40219.1
Project("{FAE04EC0-301F-11D3-BF4B-00C04F79EFBC}") = "Asp.netCoreMVC_CRUD", "Asp.netCoreMVC_CRUD.csproj", "{5B911830-1D8D-4F12-A36F-175C6949DE2B}"
EndProject
Global
	GlobalSection(SolutionConfigurationPlatforms) = preSolution
		Debug|Any CPU = Debug|Any CPU
		Release|Any CPU = Release|Any CPU
	EndGlobalSection
	GlobalSection(ProjectConfigurationPlatforms) = postSolution
		{5B911830-1D8D-4F12-A36F-175C6949DE2B}.Debug|Any CPU.ActiveCfg = Debug|Any CPU
		{5B911830-1D8D-4F12-A36F-175C6949DE2B}.Debug|Any CPU.Build.0 = Debug|Any CPU
		{5B911830-1D8D-4F12-A36F-175C6949DE2B}.Release|Any CPU.ActiveCfg = Release|Any CPU
		{5B911830-1D8D-4F12-A36F-175C6949DE2B}.Release|Any CPU.Build.0 = Release|Any CPU
	EndGlobalSection
	GlobalSection(SolutionProperties) = preSolution
		HideSolutionNode = FALSE
	EndGlobalSection
	GlobalSection(ExtensibilityGlobals) = postSolution
		SolutionGuid = {5738FCB9-5352-4EEE-87EB-0B188B475F0B}
	EndGlobalSection
EndGlobal
